
Microsoft Visual Studio Solution File, Format Version 12.00
# Visual Studio Version 17
VisualStudioVersion = 17.0.31903.59
MinimumVisualStudioVersion = 10.0.40219.1
Project("{2150E333-8FDC-42A3-9474-1A3956D46DE8}") = "src", "src", "{7E612BF9-3A07-475B-874F-F9CEE5928BE9}"
EndProject
Project("{FAE04EC0-301F-11D3-BF4B-00C04F79EFBC}") = "OptimizerPC.Core", "src\OptimizerPC.Core\OptimizerPC.Core.csproj", "{CCBB2732-4D49-489E-A6BE-BBB70212DD64}"
EndProject
Project("{FAE04EC0-301F-11D3-BF4B-00C04F79EFBC}") = "OptimizerPC.Services", "src\OptimizerPC.Services\OptimizerPC.Services.csproj", "{A47D3BEB-1851-4495-8930-EB10D31FAB94}"
EndProject
Project("{FAE04EC0-301F-11D3-BF4B-00C04F79EFBC}") = "OptimizerPC.App", "src\OptimizerPC.App\OptimizerPC.App.csproj", "{2AB2038B-D9A3-4309-9FAF-301211944493}"
EndProject
Project("{2150E333-8FDC-42A3-9474-1A3956D46DE8}") = "tests", "tests", "{70877C33-3B0B-4E53-AC39-6AD8777CC1B8}"
EndProject
Project("{FAE04EC0-301F-11D3-BF4B-00C04F79EFBC}") = "OptimizerPC.Tests", "tests\OptimizerPC.Tests\OptimizerPC.Tests.csproj", "{D785DE20-9B8A-4853-9426-0CE1609D26A3}"
EndProject
Global
	GlobalSection(SolutionConfigurationPlatforms) = preSolution
		Debug|Any CPU = Debug|Any CPU
		Release|Any CPU = Release|Any CPU
	EndGlobalSection
	GlobalSection(SolutionProperties) = preSolution
		HideSolutionNode = FALSE
	EndGlobalSection
	GlobalSection(ProjectConfigurationPlatforms) = postSolution
		{CCBB2732-4D49-489E-A6BE-BBB70212DD64}.Debug|Any CPU.ActiveCfg = Debug|Any CPU
		{CCBB2732-4D49-489E-A6BE-BBB70212DD64}.Debug|Any CPU.Build.0 = Debug|Any CPU
		{CCBB2732-4D49-489E-A6BE-BBB70212DD64}.Release|Any CPU.ActiveCfg = Release|Any CPU
		{CCBB2732-4D49-489E-A6BE-BBB70212DD64}.Release|Any CPU.Build.0 = Release|Any CPU
		{A47D3BEB-1851-4495-8930-EB10D31FAB94}.Debug|Any CPU.ActiveCfg = Debug|Any CPU
		{A47D3BEB-1851-4495-8930-EB10D31FAB94}.Debug|Any CPU.Build.0 = Debug|Any CPU
		{A47D3BEB-1851-4495-8930-EB10D31FAB94}.Release|Any CPU.ActiveCfg = Release|Any CPU
		{A47D3BEB-1851-4495-8930-EB10D31FAB94}.Release|Any CPU.Build.0 = Release|Any CPU
		{2AB2038B-D9A3-4309-9FAF-301211944493}.Debug|Any CPU.ActiveCfg = Debug|Any CPU
		{2AB2038B-D9A3-4309-9FAF-301211944493}.Debug|Any CPU.Build.0 = Debug|Any CPU
		{2AB2038B-D9A3-4309-9FAF-301211944493}.Release|Any CPU.ActiveCfg = Release|Any CPU
		{2AB2038B-D9A3-4309-9FAF-301211944493}.Release|Any CPU.Build.0 = Release|Any CPU
		{D785DE20-9B8A-4853-9426-0CE1609D26A3}.Debug|Any CPU.ActiveCfg = Debug|Any CPU
		{D785DE20-9B8A-4853-9426-0CE1609D26A3}.Debug|Any CPU.Build.0 = Debug|Any CPU
		{D785DE20-9B8A-4853-9426-0CE1609D26A3}.Release|Any CPU.ActiveCfg = Release|Any CPU
		{D785DE20-9B8A-4853-9426-0CE1609D26A3}.Release|Any CPU.Build.0 = Release|Any CPU
	EndGlobalSection
	GlobalSection(NestedProjects) = preSolution
		{CCBB2732-4D49-489E-A6BE-BBB70212DD64} = {7E612BF9-3A07-475B-874F-F9CEE5928BE9}
		{A47D3BEB-1851-4495-8930-EB10D31FAB94} = {7E612BF9-3A07-475B-874F-F9CEE5928BE9}
		{2AB2038B-D9A3-4309-9FAF-301211944493} = {7E612BF9-3A07-475B-874F-F9CEE5928BE9}
		{D785DE20-9B8A-4853-9426-0CE1609D26A3} = {70877C33-3B0B-4E53-AC39-6AD8777CC1B8}
	EndGlobalSection
EndGlobal
